
Microsoft Visual Studio Solution File, Format Version 12.00
# Visual Studio Version 16
VisualStudioVersion = 16.0.29230.47
MinimumVisualStudioVersion = 10.0.40219.1
Project("{FAE04EC0-301F-11D3-BF4B-00C04F79EFBC}") = "milestone", "milestone\milestone.csproj", "{69D43035-92B4-4646-89E1-5C474E18FA5B}"
EndProject
Global
	GlobalSection(SolutionConfigurationPlatforms) = preSolution
		Debug|Any CPU = Debug|Any CPU
		Release|Any CPU = Release|Any CPU
	EndGlobalSection
	GlobalSection(ProjectConfigurationPlatforms) = postSolution
		{69D43035-92B4-4646-89E1-5C474E18FA5B}.Debug|Any CPU.ActiveCfg = Debug|Any CPU
		{69D43035-92B4-4646-89E1-5C474E18FA5B}.Debug|Any CPU.Build.0 = Debug|Any CPU
		{69D43035-92B4-4646-89E1-5C474E18FA5B}.Release|Any CPU.ActiveCfg = Release|Any CPU
		{69D43035-92B4-4646-89E1-5C474E18FA5B}.Release|Any CPU.Build.0 = Release|Any CPU
	EndGlobalSection
	GlobalSection(SolutionProperties) = preSolution
		HideSolutionNode = FALSE
	EndGlobalSection
	GlobalSection(ExtensibilityGlobals) = postSolution
		SolutionGuid = {B4A757A6-1D5B-4296-92B0-0AC9FAA4E39A}
	EndGlobalSection
EndGlobal
