
Microsoft Visual Studio Solution File, Format Version 12.00
# Visual Studio Version 16
VisualStudioVersion = 16.0.30011.22
MinimumVisualStudioVersion = 10.0.40219.1
Project("{9A19103F-16F7-4668-BE54-9A1E7A4F7556}") = "HUFFMANTEST", "HUFFMANTEST\HUFFMANTEST.csproj", "{A3AE22D7-5857-48D9-B8DF-42EB84FC98D0}"
EndProject
Project("{2150E333-8FDC-42A3-9474-1A3956D46DE8}") = "Solution Items", "Solution Items", "{69CF9235-2461-4E2D-BADD-AE6952A12809}"
	ProjectSection(SolutionItems) = preProject
		.editorconfig = .editorconfig
	EndProjectSection
EndProject
Global
	GlobalSection(SolutionConfigurationPlatforms) = preSolution
		Debug|Any CPU = Debug|Any CPU
		Release|Any CPU = Release|Any CPU
	EndGlobalSection
	GlobalSection(ProjectConfigurationPlatforms) = postSolution
		{A3AE22D7-5857-48D9-B8DF-42EB84FC98D0}.Debug|Any CPU.ActiveCfg = Debug|Any CPU
		{A3AE22D7-5857-48D9-B8DF-42EB84FC98D0}.Debug|Any CPU.Build.0 = Debug|Any CPU
		{A3AE22D7-5857-48D9-B8DF-42EB84FC98D0}.Release|Any CPU.ActiveCfg = Release|Any CPU
		{A3AE22D7-5857-48D9-B8DF-42EB84FC98D0}.Release|Any CPU.Build.0 = Release|Any CPU
	EndGlobalSection
	GlobalSection(SolutionProperties) = preSolution
		HideSolutionNode = FALSE
	EndGlobalSection
	GlobalSection(ExtensibilityGlobals) = postSolution
		SolutionGuid = {5E1E5D0E-2CF3-4C42-AC15-0ADE363E2E03}
	EndGlobalSection
EndGlobal
